
Microsoft Visual Studio Solution File, Format Version 12.00
# Visual Studio Version 17
VisualStudioVersion = 17.10.35013.160
MinimumVisualStudioVersion = 10.0.40219.1
Project("{FAE04EC0-301F-11D3-BF4B-00C04F79EFBC}") = "CodeQuest", "CodeQuest.csproj", "{A34103B7-6C2A-4693-9DDF-15D5BBDD7D48}"
EndProject
Global
	GlobalSection(SolutionConfigurationPlatforms) = preSolution
		Debug|Any CPU = Debug|Any CPU
		Release|Any CPU = Release|Any CPU
	EndGlobalSection
	GlobalSection(ProjectConfigurationPlatforms) = postSolution
		{A34103B7-6C2A-4693-9DDF-15D5BBDD7D48}.Debug|Any CPU.ActiveCfg = Debug|Any CPU
		{A34103B7-6C2A-4693-9DDF-15D5BBDD7D48}.Debug|Any CPU.Build.0 = Debug|Any CPU
		{A34103B7-6C2A-4693-9DDF-15D5BBDD7D48}.Release|Any CPU.ActiveCfg = Release|Any CPU
		{A34103B7-6C2A-4693-9DDF-15D5BBDD7D48}.Release|Any CPU.Build.0 = Release|Any CPU
	EndGlobalSection
	GlobalSection(SolutionProperties) = preSolution
		HideSolutionNode = FALSE
	EndGlobalSection
	GlobalSection(ExtensibilityGlobals) = postSolution
		SolutionGuid = {0FF4568B-9162-4229-AEA4-FB752D2F59F0}
	EndGlobalSection
EndGlobal
